
Microsoft Visual Studio Solution File, Format Version 9.00
# Visual Studio 2005
Project("{FAE04EC0-301F-11D3-BF4B-00C04F79EFBC}") = "GpsLibrary.UI", "GpsLibrary.UI\GpsLibrary.UI.csproj", "{6A7C28E8-30C9-477F-B9F0-677C8067E23D}"
EndProject
Project("{FAE04EC0-301F-11D3-BF4B-00C04F79EFBC}") = "GpsLibrary", "GpsLibrary\GpsLibrary.csproj", "{F7F29F47-9816-4333-AD9E-CD2E4DC30F06}"
EndProject
Global
	GlobalSection(SolutionConfigurationPlatforms) = preSolution
		Debug|Any CPU = Debug|Any CPU
		Release|Any CPU = Release|Any CPU
	EndGlobalSection
	GlobalSection(ProjectConfigurationPlatforms) = postSolution
		{6A7C28E8-30C9-477F-B9F0-677C8067E23D}.Debug|Any CPU.ActiveCfg = Debug|Any CPU
		{6A7C28E8-30C9-477F-B9F0-677C8067E23D}.Debug|Any CPU.Build.0 = Debug|Any CPU
		{6A7C28E8-30C9-477F-B9F0-677C8067E23D}.Debug|Any CPU.Deploy.0 = Debug|Any CPU
		{6A7C28E8-30C9-477F-B9F0-677C8067E23D}.Release|Any CPU.ActiveCfg = Release|Any CPU
		{6A7C28E8-30C9-477F-B9F0-677C8067E23D}.Release|Any CPU.Build.0 = Release|Any CPU
		{6A7C28E8-30C9-477F-B9F0-677C8067E23D}.Release|Any CPU.Deploy.0 = Release|Any CPU
		{F7F29F47-9816-4333-AD9E-CD2E4DC30F06}.Debug|Any CPU.ActiveCfg = Debug|Any CPU
		{F7F29F47-9816-4333-AD9E-CD2E4DC30F06}.Debug|Any CPU.Build.0 = Debug|Any CPU
		{F7F29F47-9816-4333-AD9E-CD2E4DC30F06}.Release|Any CPU.ActiveCfg = Release|Any CPU
		{F7F29F47-9816-4333-AD9E-CD2E4DC30F06}.Release|Any CPU.Build.0 = Release|Any CPU
	EndGlobalSection
	GlobalSection(SolutionProperties) = preSolution
		HideSolutionNode = FALSE
	EndGlobalSection
EndGlobal
