
Microsoft Visual Studio Solution File, Format Version 11.00
# Visual Studio 2010
Project("{00000000-0000-0000-0000-000000000000}") = "MediaLibrary.Web", "MediaLibrary.Web\MediaLibrary.Web.csproj", "{EA2A6990-37D5-4927-B4C3-890B40EB03C8}"
EndProject
Project("{FAE04EC0-301F-11D3-BF4B-00C04F79EFBC}") = "MediaLibraryEditor", "MediaLibraryEditor\MediaLibraryEditor.csproj", "{2038FD0A-C659-4C8B-AC14-EE8EF3F20BCC}"
EndProject
Project("{FAE04EC0-301F-11D3-BF4B-00C04F79EFBC}") = "MediaLibraryEditor.WPF", "MediaLibraryEditor.WPF\MediaLibraryEditor.WPF.csproj", "{10DBA4CF-0ADD-44BE-A31C-4526D144F018}"
	ProjectSection(ProjectDependencies) = postProject
		{10B58E1E-0B87-4022-A1FE-EB25FAA5AFBF} = {10B58E1E-0B87-4022-A1FE-EB25FAA5AFBF}
	EndProjectSection
EndProject
Project("{FAE04EC0-301F-11D3-BF4B-00C04F79EFBC}") = "MediaLibraryEditor.WPF.Tests", "MediaLibraryEditor.WPF.Tests\MediaLibraryEditor.WPF.Tests.csproj", "{C3F12AD8-EDF1-4F71-BAAD-24921B62B9FA}"
EndProject
Project("{FAE04EC0-301F-11D3-BF4B-00C04F79EFBC}") = "MediaLibrary.WCF", "MediaLibrary.WCF\MediaLibrary.WCF.csproj", "{10B58E1E-0B87-4022-A1FE-EB25FAA5AFBF}"
EndProject
Global
	GlobalSection(SolutionConfigurationPlatforms) = preSolution
		Debug|Any CPU = Debug|Any CPU
		Release|Any CPU = Release|Any CPU
	EndGlobalSection
	GlobalSection(ProjectConfigurationPlatforms) = postSolution
		{EA2A6990-37D5-4927-B4C3-890B40EB03C8}.Debug|Any CPU.ActiveCfg = Debug|Any CPU
		{EA2A6990-37D5-4927-B4C3-890B40EB03C8}.Debug|Any CPU.Build.0 = Debug|Any CPU
		{EA2A6990-37D5-4927-B4C3-890B40EB03C8}.Release|Any CPU.ActiveCfg = Release|Any CPU
		{EA2A6990-37D5-4927-B4C3-890B40EB03C8}.Release|Any CPU.Build.0 = Release|Any CPU
		{2038FD0A-C659-4C8B-AC14-EE8EF3F20BCC}.Debug|Any CPU.ActiveCfg = Debug|Any CPU
		{2038FD0A-C659-4C8B-AC14-EE8EF3F20BCC}.Debug|Any CPU.Build.0 = Debug|Any CPU
		{2038FD0A-C659-4C8B-AC14-EE8EF3F20BCC}.Release|Any CPU.ActiveCfg = Release|Any CPU
		{2038FD0A-C659-4C8B-AC14-EE8EF3F20BCC}.Release|Any CPU.Build.0 = Release|Any CPU
		{10DBA4CF-0ADD-44BE-A31C-4526D144F018}.Debug|Any CPU.ActiveCfg = Debug|Any CPU
		{10DBA4CF-0ADD-44BE-A31C-4526D144F018}.Debug|Any CPU.Build.0 = Debug|Any CPU
		{10DBA4CF-0ADD-44BE-A31C-4526D144F018}.Release|Any CPU.ActiveCfg = Release|Any CPU
		{10DBA4CF-0ADD-44BE-A31C-4526D144F018}.Release|Any CPU.Build.0 = Release|Any CPU
		{C3F12AD8-EDF1-4F71-BAAD-24921B62B9FA}.Debug|Any CPU.ActiveCfg = Debug|Any CPU
		{C3F12AD8-EDF1-4F71-BAAD-24921B62B9FA}.Debug|Any CPU.Build.0 = Debug|Any CPU
		{C3F12AD8-EDF1-4F71-BAAD-24921B62B9FA}.Release|Any CPU.ActiveCfg = Release|Any CPU
		{C3F12AD8-EDF1-4F71-BAAD-24921B62B9FA}.Release|Any CPU.Build.0 = Release|Any CPU
		{10B58E1E-0B87-4022-A1FE-EB25FAA5AFBF}.Debug|Any CPU.ActiveCfg = Debug|Any CPU
		{10B58E1E-0B87-4022-A1FE-EB25FAA5AFBF}.Debug|Any CPU.Build.0 = Debug|Any CPU
		{10B58E1E-0B87-4022-A1FE-EB25FAA5AFBF}.Release|Any CPU.ActiveCfg = Release|Any CPU
		{10B58E1E-0B87-4022-A1FE-EB25FAA5AFBF}.Release|Any CPU.Build.0 = Release|Any CPU
	EndGlobalSection
	GlobalSection(SolutionProperties) = preSolution
		HideSolutionNode = FALSE
	EndGlobalSection
EndGlobal
